
Microsoft Visual Studio Solution File, Format Version 12.00
# Visual Studio Version 16
VisualStudioVersion = 16.0.31729.503
MinimumVisualStudioVersion = 10.0.40219.1
Project("{FAE04EC0-301F-11D3-BF4B-00C04F79EFBC}") = "LogicalPrograms", "LogicalPrograms\LogicalPrograms.csproj", "{A19D5121-7497-42C0-B92D-3DC00CB2D358}"
EndProject
Global
	GlobalSection(SolutionConfigurationPlatforms) = preSolution
		Debug|Any CPU = Debug|Any CPU
		Release|Any CPU = Release|Any CPU
	EndGlobalSection
	GlobalSection(ProjectConfigurationPlatforms) = postSolution
		{A19D5121-7497-42C0-B92D-3DC00CB2D358}.Debug|Any CPU.ActiveCfg = Debug|Any CPU
		{A19D5121-7497-42C0-B92D-3DC00CB2D358}.Debug|Any CPU.Build.0 = Debug|Any CPU
		{A19D5121-7497-42C0-B92D-3DC00CB2D358}.Release|Any CPU.ActiveCfg = Release|Any CPU
		{A19D5121-7497-42C0-B92D-3DC00CB2D358}.Release|Any CPU.Build.0 = Release|Any CPU
	EndGlobalSection
	GlobalSection(SolutionProperties) = preSolution
		HideSolutionNode = FALSE
	EndGlobalSection
	GlobalSection(ExtensibilityGlobals) = postSolution
		SolutionGuid = {E1270AC6-0CF3-49FD-BA12-D36212512945}
	EndGlobalSection
EndGlobal
